
Microsoft Visual Studio Solution File, Format Version 12.00
Project("{FAE04EC0-301F-11D3-BF4B-00C04F79EFBC}") = "TestDocker", "TestDocker\TestDocker.csproj", "{BE94B552-C942-4C07-9CF2-1454825FBBB3}"
EndProject
Global
	GlobalSection(SolutionConfigurationPlatforms) = preSolution
		Debug|Any CPU = Debug|Any CPU
		Release|Any CPU = Release|Any CPU
	EndGlobalSection
	GlobalSection(ProjectConfigurationPlatforms) = postSolution
		{BE94B552-C942-4C07-9CF2-1454825FBBB3}.Debug|Any CPU.ActiveCfg = Debug|Any CPU
		{BE94B552-C942-4C07-9CF2-1454825FBBB3}.Debug|Any CPU.Build.0 = Debug|Any CPU
		{BE94B552-C942-4C07-9CF2-1454825FBBB3}.Release|Any CPU.ActiveCfg = Release|Any CPU
		{BE94B552-C942-4C07-9CF2-1454825FBBB3}.Release|Any CPU.Build.0 = Release|Any CPU
	EndGlobalSection
EndGlobal
